{
    "requires": true,
    "lockfileVersion": 1,
    "dependencies": {
        "@babel/runtime": {
            "version": "7.14.0",
            "resolved": "https://registry.nlark.com/@babel/runtime/download/@babel/runtime-7.14.0.tgz?cache=0&sync_timestamp=1619727414495&other_urls=https%3A%2F%2Fregistry.nlark.com%2F%40babel%2Fruntime%2Fdownload%2F%40babel%2Fruntime-7.14.0.tgz",
            "integrity": "sha1-RnlLwgthLF915i3QceJN/ZXxy+Y=",
            "dev": true,
            "requires": {
                "regenerator-runtime": "^0.13.4"
            }
        },
        "@popperjs/core": {
            "version": "2.9.2",
            "resolved": "https://registry.npm.taobao.org/@popperjs/core/download/@popperjs/core-2.9.2.tgz?cache=0&other_urls=https%3A%2F%2Fregistry.npm.taobao.org%2F%40popperjs%2Fcore%2Fdownload%2F%40popperjs%2Fcore-2.9.2.tgz",
            "integrity": "sha1-rep7aVPLs0ZRdmsFSEaOdDxqI1M=",
            "dev": true
        },
        "@vant/icons": {
            "version": "1.5.2",
            "resolved": "https://registry.npm.taobao.org/@vant/icons/download/@vant/icons-1.5.2.tgz?cache=0&sync_timestamp=1613997305954&other_urls=https%3A%2F%2Fregistry.npm.taobao.org%2F%40vant%2Ficons%2Fdownload%2F%40vant%2Ficons-1.5.2.tgz",
            "integrity": "sha1-Pz6jU6DqzTjBE3V70xg2SJ+ssQs=",
            "dev": true
        },
        "@vant/popperjs": {
            "version": "1.1.0",
            "resolved": "https://registry.npm.taobao.org/@vant/popperjs/download/@vant/popperjs-1.1.0.tgz?cache=0&sync_timestamp=1617713172143&other_urls=https%3A%2F%2Fregistry.npm.taobao.org%2F%40vant%2Fpopperjs%2Fdownload%2F%40vant%2Fpopperjs-1.1.0.tgz",
            "integrity": "sha1-tO3uW7+m+xhwWYbjE9T9XxeUKg8=",
            "dev": true,
            "requires": {
                "@popperjs/core": "^2.9.2"
            }
        },
        "@vue/babel-helper-vue-jsx-merge-props": {
            "version": "1.2.1",
            "resolved": "https://registry.nlark.com/@vue/babel-helper-vue-jsx-merge-props/download/@vue/babel-helper-vue-jsx-merge-props-1.2.1.tgz",
            "integrity": "sha1-MWJKelBfsU2h1YAjclpMXycOaoE=",
            "dev": true
        },
        "axios": {
            "version": "0.21.1",
            "resolved": "https://registry.nlark.com/axios/download/axios-0.21.1.tgz",
            "integrity": "sha1-IlY0gZYvTWvemnbVFu8OXTwJsrg=",
            "dev": true,
            "requires": {
                "follow-redirects": "^1.10.0"
            }
        },
        "follow-redirects": {
            "version": "1.14.0",
            "resolved": "https://registry.nlark.com/follow-redirects/download/follow-redirects-1.14.0.tgz?cache=0&sync_timestamp=1619369184337&other_urls=https%3A%2F%2Fregistry.nlark.com%2Ffollow-redirects%2Fdownload%2Ffollow-redirects-1.14.0.tgz",
            "integrity": "sha1-9dJg+VxfjBBYlEkf7uXciZO0Av4=",
            "dev": true
        },
        "heic2any": {
            "version": "0.0.3",
            "resolved": "https://registry.npm.taobao.org/heic2any/download/heic2any-0.0.3.tgz",
            "integrity": "sha1-WSSGZaNkZCSx+IwKqqGruju9Gq4="
        },
        "regenerator-runtime": {
            "version": "0.13.7",
            "resolved": "https://registry.nlark.com/regenerator-runtime/download/regenerator-runtime-0.13.7.tgz",
            "integrity": "sha1-ysLazIoepnX+qrrriugziYrkb1U=",
            "dev": true
        },
        "vant": {
            "version": "2.12.16",
            "resolved": "https://registry.nlark.com/vant/download/vant-2.12.16.tgz?cache=0&sync_timestamp=1620008645047&other_urls=https%3A%2F%2Fregistry.nlark.com%2Fvant%2Fdownload%2Fvant-2.12.16.tgz",
            "integrity": "sha1-4fGSCBqp0iI49u9OawVWuQ8Vnpc=",
            "dev": true,
            "requires": {
                "@babel/runtime": "7.x",
                "@vant/icons": "1.5.2",
                "@vant/popperjs": "^1.0.0",
                "@vue/babel-helper-vue-jsx-merge-props": "^1.0.0",
                "vue-lazyload": "1.2.3"
            }
        },
        "vue-lazyload": {
            "version": "1.2.3",
            "resolved": "https://registry.npm.taobao.org/vue-lazyload/download/vue-lazyload-1.2.3.tgz?cache=0&sync_timestamp=1613791646802&other_urls=https%3A%2F%2Fregistry.npm.taobao.org%2Fvue-lazyload%2Fdownload%2Fvue-lazyload-1.2.3.tgz",
            "integrity": "sha1-kB+ewVx+bKeHgaK65KNDaGve2yw=",
            "dev": true
        }
    }
}
