{
    "requires": true,
    "lockfileVersion": 1,
    "dependencies": {
        "heic2any": {
            "version": "0.0.3",
            "resolved": "https://registry.npm.taobao.org/heic2any/download/heic2any-0.0.3.tgz",
            "integrity": "sha1-WSSGZaNkZCSx+IwKqqGruju9Gq4="
        }
    }
}
